# This file is automatically @generated by Wally.
# It is not intended for manual editing.
registry = "test"

[[package]]
name = "alicesaidhi/vide"
version = "0.4.0"
dependencies = []

[[package]]
name = "dijag/test123"
version = "0.1.0"
dependencies = [["Networker", "lcarpet/networker@0.1.1"], ["Vide", "alicesaidhi/vide@0.4.0"], ["Profileservice", "firecam702/profileservice@1.0.0"]]

[[package]]
name = "firecam702/profileservice"
version = "1.0.0"
dependencies = []

[[package]]
name = "lcarpet/networker"
version = "0.1.1"
dependencies = []
